
Microsoft Visual Studio Solution File, Format Version 12.00
# Visual Studio 15
VisualStudioVersion = 15.0.27130.2027
MinimumVisualStudioVersion = 10.0.40219.1
Project("{FAE04EC0-301F-11D3-BF4B-00C04F79EFBC}") = "vehiclesProject", "vehiclesProject\vehiclesProject.csproj", "{953CB9C2-62FD-4B14-B6DE-5F561C8DF8E7}"
EndProject
Global
	GlobalSection(SolutionConfigurationPlatforms) = preSolution
		Debug|Any CPU = Debug|Any CPU
		Release|Any CPU = Release|Any CPU
	EndGlobalSection
	GlobalSection(ProjectConfigurationPlatforms) = postSolution
		{953CB9C2-62FD-4B14-B6DE-5F561C8DF8E7}.Debug|Any CPU.ActiveCfg = Debug|Any CPU
		{953CB9C2-62FD-4B14-B6DE-5F561C8DF8E7}.Debug|Any CPU.Build.0 = Debug|Any CPU
		{953CB9C2-62FD-4B14-B6DE-5F561C8DF8E7}.Release|Any CPU.ActiveCfg = Release|Any CPU
		{953CB9C2-62FD-4B14-B6DE-5F561C8DF8E7}.Release|Any CPU.Build.0 = Release|Any CPU
	EndGlobalSection
	GlobalSection(SolutionProperties) = preSolution
		HideSolutionNode = FALSE
	EndGlobalSection
	GlobalSection(ExtensibilityGlobals) = postSolution
		SolutionGuid = {553A3353-7DB9-4861-A16D-353C2B827481}
	EndGlobalSection
EndGlobal
